
Microsoft Visual Studio Solution File, Format Version 12.00
# Visual Studio Version 17
VisualStudioVersion = 17.8.34330.188
MinimumVisualStudioVersion = 10.0.40219.1
Project("{FAE04EC0-301F-11D3-BF4B-00C04F79EFBC}") = "WebappADO", "WebappADO\WebappADO.csproj", "{034F79D1-620B-4BFD-BE06-DD719114E32B}"
EndProject
Global
	GlobalSection(SolutionConfigurationPlatforms) = preSolution
		Debug|Any CPU = Debug|Any CPU
		Release|Any CPU = Release|Any CPU
	EndGlobalSection
	GlobalSection(ProjectConfigurationPlatforms) = postSolution
		{034F79D1-620B-4BFD-BE06-DD719114E32B}.Debug|Any CPU.ActiveCfg = Debug|Any CPU
		{034F79D1-620B-4BFD-BE06-DD719114E32B}.Debug|Any CPU.Build.0 = Debug|Any CPU
		{034F79D1-620B-4BFD-BE06-DD719114E32B}.Release|Any CPU.ActiveCfg = Release|Any CPU
		{034F79D1-620B-4BFD-BE06-DD719114E32B}.Release|Any CPU.Build.0 = Release|Any CPU
	EndGlobalSection
	GlobalSection(SolutionProperties) = preSolution
		HideSolutionNode = FALSE
	EndGlobalSection
	GlobalSection(ExtensibilityGlobals) = postSolution
		SolutionGuid = {5F2AFFB4-B947-495D-BDA3-82995921BAAB}
	EndGlobalSection
EndGlobal
